
Microsoft Visual Studio Solution File, Format Version 12.00
# Visual Studio Version 17
VisualStudioVersion = 17.7.34018.315
MinimumVisualStudioVersion = 10.0.40219.1
Project("{9A19103F-16F7-4668-BE54-9A1E7A4F7556}") = "Microservice.Transferencias", "src\Microservice.Transferencias\Microservice.Transferencias.csproj", "{894E9C92-89E1-4A85-A7EE-E2B0BACF39E4}"
EndProject
Project("{FAE04EC0-301F-11D3-BF4B-00C04F79EFBC}") = "Microservice.Transferencias.Business", "Microservice.Transferencias.Business\Microservice.Transferencias.Business.csproj", "{60550C55-8247-4CA2-96A1-0C6827E0BCFF}"
EndProject
Global
	GlobalSection(SolutionConfigurationPlatforms) = preSolution
		Debug|Any CPU = Debug|Any CPU
		Release|Any CPU = Release|Any CPU
	EndGlobalSection
	GlobalSection(ProjectConfigurationPlatforms) = postSolution
		{894E9C92-89E1-4A85-A7EE-E2B0BACF39E4}.Debug|Any CPU.ActiveCfg = Debug|Any CPU
		{894E9C92-89E1-4A85-A7EE-E2B0BACF39E4}.Debug|Any CPU.Build.0 = Debug|Any CPU
		{894E9C92-89E1-4A85-A7EE-E2B0BACF39E4}.Release|Any CPU.ActiveCfg = Release|Any CPU
		{894E9C92-89E1-4A85-A7EE-E2B0BACF39E4}.Release|Any CPU.Build.0 = Release|Any CPU
		{60550C55-8247-4CA2-96A1-0C6827E0BCFF}.Debug|Any CPU.ActiveCfg = Debug|Any CPU
		{60550C55-8247-4CA2-96A1-0C6827E0BCFF}.Debug|Any CPU.Build.0 = Debug|Any CPU
		{60550C55-8247-4CA2-96A1-0C6827E0BCFF}.Release|Any CPU.ActiveCfg = Release|Any CPU
		{60550C55-8247-4CA2-96A1-0C6827E0BCFF}.Release|Any CPU.Build.0 = Release|Any CPU
	EndGlobalSection
	GlobalSection(SolutionProperties) = preSolution
		HideSolutionNode = FALSE
	EndGlobalSection
	GlobalSection(ExtensibilityGlobals) = postSolution
		SolutionGuid = {5071BD94-D820-4CC4-A14A-8DE4CBAC663D}
	EndGlobalSection
EndGlobal
